
Microsoft Visual Studio Solution File, Format Version 12.00
# Visual Studio Version 17
VisualStudioVersion = 17.6.33723.286
MinimumVisualStudioVersion = 10.0.40219.1
Project("{9A19103F-16F7-4668-BE54-9A1E7A4F7556}") = "Places", "Places.csproj", "{3A157066-9E1C-4289-9CA1-01DA49B95F74}"
EndProject
Project("{FAE04EC0-301F-11D3-BF4B-00C04F79EFBC}") = "PlacesEventListener", "..\PlacesEventListener\PlacesEventListener.csproj", "{F2D63B28-0793-4094-98BD-6334CE3C0BF5}"
EndProject
Global
	GlobalSection(SolutionConfigurationPlatforms) = preSolution
		Debug|Any CPU = Debug|Any CPU
		Release|Any CPU = Release|Any CPU
	EndGlobalSection
	GlobalSection(ProjectConfigurationPlatforms) = postSolution
		{3A157066-9E1C-4289-9CA1-01DA49B95F74}.Debug|Any CPU.ActiveCfg = Debug|Any CPU
		{3A157066-9E1C-4289-9CA1-01DA49B95F74}.Debug|Any CPU.Build.0 = Debug|Any CPU
		{3A157066-9E1C-4289-9CA1-01DA49B95F74}.Release|Any CPU.ActiveCfg = Release|Any CPU
		{3A157066-9E1C-4289-9CA1-01DA49B95F74}.Release|Any CPU.Build.0 = Release|Any CPU
		{F2D63B28-0793-4094-98BD-6334CE3C0BF5}.Debug|Any CPU.ActiveCfg = Debug|Any CPU
		{F2D63B28-0793-4094-98BD-6334CE3C0BF5}.Debug|Any CPU.Build.0 = Debug|Any CPU
		{F2D63B28-0793-4094-98BD-6334CE3C0BF5}.Release|Any CPU.ActiveCfg = Release|Any CPU
		{F2D63B28-0793-4094-98BD-6334CE3C0BF5}.Release|Any CPU.Build.0 = Release|Any CPU
	EndGlobalSection
	GlobalSection(SolutionProperties) = preSolution
		HideSolutionNode = FALSE
	EndGlobalSection
	GlobalSection(ExtensibilityGlobals) = postSolution
		SolutionGuid = {824B4D97-3B36-4E0F-8503-DDA54EDB597C}
	EndGlobalSection
EndGlobal
